
Microsoft Visual Studio Solution File, Format Version 12.00
# Visual Studio Version 17
VisualStudioVersion = 17.6.33815.320
MinimumVisualStudioVersion = 10.0.40219.1
Project("{FAE04EC0-301F-11D3-BF4B-00C04F79EFBC}") = "WebAPI", "WebAPI\WebAPI.csproj", "{4053E4DB-9B54-4A0A-8B2D-230ECF9254AD}"
EndProject
Global
	GlobalSection(SolutionConfigurationPlatforms) = preSolution
		Debug|Any CPU = Debug|Any CPU
		Release|Any CPU = Release|Any CPU
	EndGlobalSection
	GlobalSection(ProjectConfigurationPlatforms) = postSolution
		{4053E4DB-9B54-4A0A-8B2D-230ECF9254AD}.Debug|Any CPU.ActiveCfg = Debug|Any CPU
		{4053E4DB-9B54-4A0A-8B2D-230ECF9254AD}.Debug|Any CPU.Build.0 = Debug|Any CPU
		{4053E4DB-9B54-4A0A-8B2D-230ECF9254AD}.Release|Any CPU.ActiveCfg = Release|Any CPU
		{4053E4DB-9B54-4A0A-8B2D-230ECF9254AD}.Release|Any CPU.Build.0 = Release|Any CPU
	EndGlobalSection
	GlobalSection(SolutionProperties) = preSolution
		HideSolutionNode = FALSE
	EndGlobalSection
	GlobalSection(ExtensibilityGlobals) = postSolution
		SolutionGuid = {0354D4A4-027C-457C-8951-8041F4A0E24C}
	EndGlobalSection
EndGlobal
